
Microsoft Visual Studio Solution File, Format Version 12.00
# Visual Studio 14
VisualStudioVersion = 14.0.25420.1
MinimumVisualStudioVersion = 10.0.40219.1
Project("{FAE04EC0-301F-11D3-BF4B-00C04F79EFBC}") = "Vidly", "Vidly\Vidly.csproj", "{180D9102-1FAB-4E65-B55D-5AA63A50DE27}"
EndProject
Global
	GlobalSection(SolutionConfigurationPlatforms) = preSolution
		Debug|Any CPU = Debug|Any CPU
		Release|Any CPU = Release|Any CPU
		Testing|Any CPU = Testing|Any CPU
	EndGlobalSection
	GlobalSection(ProjectConfigurationPlatforms) = postSolution
		{180D9102-1FAB-4E65-B55D-5AA63A50DE27}.Debug|Any CPU.ActiveCfg = Debug|Any CPU
		{180D9102-1FAB-4E65-B55D-5AA63A50DE27}.Debug|Any CPU.Build.0 = Debug|Any CPU
		{180D9102-1FAB-4E65-B55D-5AA63A50DE27}.Release|Any CPU.ActiveCfg = Release|Any CPU
		{180D9102-1FAB-4E65-B55D-5AA63A50DE27}.Release|Any CPU.Build.0 = Release|Any CPU
		{180D9102-1FAB-4E65-B55D-5AA63A50DE27}.Testing|Any CPU.ActiveCfg = Testing|Any CPU
		{180D9102-1FAB-4E65-B55D-5AA63A50DE27}.Testing|Any CPU.Build.0 = Testing|Any CPU
	EndGlobalSection
	GlobalSection(SolutionProperties) = preSolution
		HideSolutionNode = FALSE
	EndGlobalSection
EndGlobal
